// !$*UTF8*$!
{
	archiveVersion = 1;
	classes = {
	};
	objectVersion = 52;
	objects = {

/* Begin PBXBuildFile section */
		840797D6245C66B400E585F9 /* AppDelegate.swift in Sources */ = {isa = PBXBuildFile; fileRef = 840797D5245C66B400E585F9 /* AppDelegate.swift */; };
		840797D8245C66B400E585F9 /* SceneDelegate.swift in Sources */ = {isa = PBXBuildFile; fileRef = 840797D7245C66B400E585F9 /* SceneDelegate.swift */; };
		840797DA245C66B400E585F9 /* ContentView.swift in Sources */ = {isa = PBXBuildFile; fileRef = 840797D9245C66B400E585F9 /* ContentView.swift */; };
		840797DC245C66B500E585F9 /* Assets.xcassets in Resources */ = {isa = PBXBuildFile; fileRef = 840797DB245C66B500E585F9 /* Assets.xcassets */; };
		840797DF245C66B500E585F9 /* Preview Assets.xcassets in Resources */ = {isa = PBXBuildFile; fileRef = 840797DE245C66B500E585F9 /* Preview Assets.xcassets */; };
		840797E2245C66B500E585F9 /* LaunchScreen.storyboard in Resources */ = {isa = PBXBuildFile; fileRef = 840797E0245C66B500E585F9 /* LaunchScreen.storyboard */; };
		840797ED245C66B500E585F9 /* NewsAppTests.swift in Sources */ = {isa = PBXBuildFile; fileRef = 840797EC245C66B500E585F9 /* NewsAppTests.swift */; };
		840797F8245C66B500E585F9 /* NewsAppUITests.swift in Sources */ = {isa = PBXBuildFile; fileRef = 840797F7245C66B500E585F9 /* NewsAppUITests.swift */; };
		84B7755B245C95500019D14D /* SwiftyJSON in Frameworks */ = {isa = PBXBuildFile; productRef = 84B7755A245C95500019D14D /* SwiftyJSON */; };
		84B7755E245C95B10019D14D /* SDWebImageSwiftUI in Frameworks */ = {isa = PBXBuildFile; productRef = 84B7755D245C95B10019D14D /* SDWebImageSwiftUI */; };
/* End PBXBuildFile section */

/* Begin PBXContainerItemProxy section */
		840797E9245C66B500E585F9 /* PBXContainerItemProxy */ = {
			isa = PBXContainerItemProxy;
			containerPortal = 840797CA245C66B400E585F9 /* Project object */;
			proxyType = 1;
			remoteGlobalIDString = 840797D1245C66B400E585F9;
			remoteInfo = NewsApp;
		};
		840797F4245C66B500E585F9 /* PBXContainerItemProxy */ = {
			isa = PBXContainerItemProxy;
			containerPortal = 840797CA245C66B400E585F9 /* Project object */;
			proxyType = 1;
			remoteGlobalIDString = 840797D1245C66B400E585F9;
			remoteInfo = NewsApp;
		};
/* End PBXContainerItemProxy section */

/* Begin PBXFileReference section */
		840797D2245C66B400E585F9 /* NewsApp.app */ = {isa = PBXFileReference; explicitFileType = wrapper.application; includeInIndex = 0; path = NewsApp.app; sourceTree = BUILT_PRODUCTS_DIR; };
		840797D5245C66B400E585F9 /* AppDelegate.swift */ = {isa = PBXFileReference; lastKnownFileType = sourcecode.swift; path = AppDelegate.swift; sourceTree = "<group>"; };
		840797D7245C66B400E585F9 /* SceneDelegate.swift */ = {isa = PBXFileReference; lastKnownFileType = sourcecode.swift; path = SceneDelegate.swift; sourceTree = "<group>"; };
		840797D9245C66B400E585F9 /* ContentView.swift */ = {isa = PBXFileReference; lastKnownFileType = sourcecode.swift; path = ContentView.swift; sourceTree = "<group>"; };
		840797DB245C66B500E585F9 /* Assets.xcassets */ = {isa = PBXFileReference; lastKnownFileType = folder.assetcatalog; path = Assets.xcassets; sourceTree = "<group>"; };
		840797DE245C66B500E585F9 /* Preview Assets.xcassets */ = {isa = PBXFileReference; lastKnownFileType = folder.assetcatalog; path = "Preview Assets.xcassets"; sourceTree = "<group>"; };
		840797E1245C66B500E585F9 /* Base */ = {isa = PBXFileReference; lastKnownFileType = file.storyboard; name = Base; path = Base.lproj/LaunchScreen.storyboard; sourceTree = "<group>"; };
		840797E3245C66B500E585F9 /* Info.plist */ = {isa = PBXFileReference; lastKnownFileType = text.plist.xml; path = Info.plist; sourceTree = "<group>"; };
		840797E8245C66B500E585F9 /* NewsAppTests.xctest */ = {isa = PBXFileReference; explicitFileType = wrapper.cfbundle; includeInIndex = 0; path = NewsAppTests.xctest; sourceTree = BUILT_PRODUCTS_DIR; };
		840797EC245C66B500E585F9 /* NewsAppTests.swift */ = {isa = PBXFileReference; lastKnownFileType = sourcecode.swift; path = NewsAppTests.swift; sourceTree = "<group>"; };
		840797EE245C66B500E585F9 /* Info.plist */ = {isa = PBXFileReference; lastKnownFileType = text.plist.xml; path = Info.plist; sourceTree = "<group>"; };
		840797F3245C66B500E585F9 /* NewsAppUITests.xctest */ = {isa = PBXFileReference; explicitFileType = wrapper.cfbundle; includeInIndex = 0; path = NewsAppUITests.xctest; sourceTree = BUILT_PRODUCTS_DIR; };
		840797F7245C66B500E585F9 /* NewsAppUITests.swift */ = {isa = PBXFileReference; lastKnownFileType = sourcecode.swift; path = NewsAppUITests.swift; sourceTree = "<group>"; };
		840797F9245C66B500E585F9 /* Info.plist */ = {isa = PBXFileReference; lastKnownFileType = text.plist.xml; path = Info.plist; sourceTree = "<group>"; };
/* End PBXFileReference section */

/* Begin PBXFrameworksBuildPhase section */
		840797CF245C66B400E585F9 /* Frameworks */ = {
			isa = PBXFrameworksBuildPhase;
			buildActionMask = 2147483647;
			files = (
				84B7755E245C95B10019D14D /* SDWebImageSwiftUI in Frameworks */,
				84B7755B245C95500019D14D /* SwiftyJSON in Frameworks */,
			);
			runOnlyForDeploymentPostprocessing = 0;
		};
		840797E5245C66B500E585F9 /* Frameworks */ = {
			isa = PBXFrameworksBuildPhase;
			buildActionMask = 2147483647;
			files = (
			);
			runOnlyForDeploymentPostprocessing = 0;
		};
		840797F0245C66B500E585F9 /* Frameworks */ = {
			isa = PBXFrameworksBuildPhase;
			buildActionMask = 2147483647;
			files = (
			);
			runOnlyForDeploymentPostprocessing = 0;
		};
/* End PBXFrameworksBuildPhase section */

/* Begin PBXGroup section */
		840797C9245C66B400E585F9 = {
			isa = PBXGroup;
			children = (
				840797D4245C66B400E585F9 /* NewsApp */,
				840797EB245C66B500E585F9 /* NewsAppTests */,
				840797F6245C66B500E585F9 /* NewsAppUITests */,
				840797D3245C66B400E585F9 /* Products */,
			);
			sourceTree = "<group>";
		};
		840797D3245C66B400E585F9 /* Products */ = {
			isa = PBXGroup;
			children = (
				840797D2245C66B400E585F9 /* NewsApp.app */,
				840797E8245C66B500E585F9 /* NewsAppTests.xctest */,
				840797F3245C66B500E585F9 /* NewsAppUITests.xctest */,
			);
			name = Products;
			sourceTree = "<group>";
		};
		840797D4245C66B400E585F9 /* NewsApp */ = {
			isa = PBXGroup;
			children = (
				840797D5245C66B400E585F9 /* AppDelegate.swift */,
				840797D7245C66B400E585F9 /* SceneDelegate.swift */,
				840797D9245C66B400E585F9 /* ContentView.swift */,
				840797DB245C66B500E585F9 /* Assets.xcassets */,
				840797E0245C66B500E585F9 /* LaunchScreen.storyboard */,
				840797E3245C66B500E585F9 /* Info.plist */,
				840797DD245C66B500E585F9 /* Preview Content */,
			);
			path = NewsApp;
			sourceTree = "<group>";
		};
		840797DD245C66B500E585F9 /* Preview Content */ = {
			isa = PBXGroup;
			children = (
				840797DE245C66B500E585F9 /* Preview Assets.xcassets */,
			);
			path = "Preview Content";
			sourceTree = "<group>";
		};
		840797EB245C66B500E585F9 /* NewsAppTests */ = {
			isa = PBXGroup;
			children = (
				840797EC245C66B500E585F9 /* NewsAppTests.swift */,
				840797EE245C66B500E585F9 /* Info.plist */,
			);
			path = NewsAppTests;
			sourceTree = "<group>";
		};
		840797F6245C66B500E585F9 /* NewsAppUITests */ = {
			isa = PBXGroup;
			children = (
				840797F7245C66B500E585F9 /* NewsAppUITests.swift */,
				840797F9245C66B500E585F9 /* Info.plist */,
			);
			path = NewsAppUITests;
			sourceTree = "<group>";
		};
/* End PBXGroup section */

/* Begin PBXNativeTarget section */
		840797D1245C66B400E585F9 /* NewsApp */ = {
			isa = PBXNativeTarget;
			buildConfigurationList = 840797FC245C66B500E585F9 /* Build configuration list for PBXNativeTarget "NewsApp" */;
			buildPhases = (
				840797CE245C66B400E585F9 /* Sources */,
				840797CF245C66B400E585F9 /* Frameworks */,
				840797D0245C66B400E585F9 /* Resources */,
			);
			buildRules = (
			);
			dependencies = (
			);
			name = NewsApp;
			packageProductDependencies = (
				84B7755A245C95500019D14D /* SwiftyJSON */,
				84B7755D245C95B10019D14D /* SDWebImageSwiftUI */,
			);
			productName = NewsApp;
			productReference = 840797D2245C66B400E585F9 /* NewsApp.app */;
			productType = "com.apple.product-type.application";
		};
		840797E7245C66B500E585F9 /* NewsAppTests */ = {
			isa = PBXNativeTarget;
			buildConfigurationList = 840797FF245C66B500E585F9 /* Build configuration list for PBXNativeTarget "NewsAppTests" */;
			buildPhases = (
				840797E4245C66B500E585F9 /* Sources */,
				840797E5245C66B500E585F9 /* Frameworks */,
				840797E6245C66B500E585F9 /* Resources */,
			);
			buildRules = (
			);
			dependencies = (
				840797EA245C66B500E585F9 /* PBXTargetDependency */,
			);
			name = NewsAppTests;
			productName = NewsAppTests;
			productReference = 840797E8245C66B500E585F9 /* NewsAppTests.xctest */;
			productType = "com.apple.product-type.bundle.unit-test";
		};
		840797F2245C66B500E585F9 /* NewsAppUITests */ = {
			isa = PBXNativeTarget;
			buildConfigurationList = 84079802245C66B500E585F9 /* Build configuration list for PBXNativeTarget "NewsAppUITests" */;
			buildPhases = (
				840797EF245C66B500E585F9 /* Sources */,
				840797F0245C66B500E585F9 /* Frameworks */,
				840797F1245C66B500E585F9 /* Resources */,
			);
			buildRules = (
			);
			dependencies = (
				840797F5245C66B500E585F9 /* PBXTargetDependency */,
			);
			name = NewsAppUITests;
			productName = NewsAppUITests;
			productReference = 840797F3245C66B500E585F9 /* NewsAppUITests.xctest */;
			productType = "com.apple.product-type.bundle.ui-testing";
		};
/* End PBXNativeTarget section */

/* Begin PBXProject section */
		840797CA245C66B400E585F9 /* Project object */ = {
			isa = PBXProject;
			attributes = {
				LastSwiftUpdateCheck = 1140;
				LastUpgradeCheck = 1140;
				ORGANIZATIONNAME = "Untitled Company";
				TargetAttributes = {
					840797D1245C66B400E585F9 = {
						CreatedOnToolsVersion = 11.4.1;
					};
					840797E7245C66B500E585F9 = {
						CreatedOnToolsVersion = 11.4.1;
						TestTargetID = 840797D1245C66B400E585F9;
					};
					840797F2245C66B500E585F9 = {
						CreatedOnToolsVersion = 11.4.1;
						TestTargetID = 840797D1245C66B400E585F9;
					};
				};
			};
			buildConfigurationList = 840797CD245C66B400E585F9 /* Build configuration list for PBXProject "NewsApp" */;
			compatibilityVersion = "Xcode 9.3";
			developmentRegion = en;
			hasScannedForEncodings = 0;
			knownRegions = (
				en,
				Base,
			);
			mainGroup = 840797C9245C66B400E585F9;
			packageReferences = (
				84B77559245C95500019D14D /* XCRemoteSwiftPackageReference "SwiftyJSON" */,
				84B7755C245C95B10019D14D /* XCRemoteSwiftPackageReference "SDWebImageSwiftUI" */,
			);
			productRefGroup = 840797D3245C66B400E585F9 /* Products */;
			projectDirPath = "";
			projectRoot = "";
			targets = (
				840797D1245C66B400E585F9 /* NewsApp */,
				840797E7245C66B500E585F9 /* NewsAppTests */,
				840797F2245C66B500E585F9 /* NewsAppUITests */,
			);
		};
/* End PBXProject section */

/* Begin PBXResourcesBuildPhase section */
		840797D0245C66B400E585F9 /* Resources */ = {
			isa = PBXResourcesBuildPhase;
			buildActionMask = 2147483647;
			files = (
				840797E2245C66B500E585F9 /* LaunchScreen.storyboard in Resources */,
				840797DF245C66B500E585F9 /* Preview Assets.xcassets in Resources */,
				840797DC245C66B500E585F9 /* Assets.xcassets in Resources */,
			);
			runOnlyForDeploymentPostprocessing = 0;
		};
		840797E6245C66B500E585F9 /* Resources */ = {
			isa = PBXResourcesBuildPhase;
			buildActionMask = 2147483647;
			files = (
			);
			runOnlyForDeploymentPostprocessing = 0;
		};
		840797F1245C66B500E585F9 /* Resources */ = {
			isa = PBXResourcesBuildPhase;
			buildActionMask = 2147483647;
			files = (
			);
			runOnlyForDeploymentPostprocessing = 0;
		};
/* End PBXResourcesBuildPhase section */

/* Begin PBXSourcesBuildPhase section */
		840797CE245C66B400E585F9 /* Sources */ = {
			isa = PBXSourcesBuildPhase;
			buildActionMask = 2147483647;
			files = (
				840797D6245C66B400E585F9 /* AppDelegate.swift in Sources */,
				840797D8245C66B400E585F9 /* SceneDelegate.swift in Sources */,
				840797DA245C66B400E585F9 /* ContentView.swift in Sources */,
			);
			runOnlyForDeploymentPostprocessing = 0;
		};
		840797E4245C66B500E585F9 /* Sources */ = {
			isa = PBXSourcesBuildPhase;
			buildActionMask = 2147483647;
			files = (
				840797ED245C66B500E585F9 /* NewsAppTests.swift in Sources */,
			);
			runOnlyForDeploymentPostprocessing = 0;
		};
		840797EF245C66B500E585F9 /* Sources */ = {
			isa = PBXSourcesBuildPhase;
			buildActionMask = 2147483647;
			files = (
				840797F8245C66B500E585F9 /* NewsAppUITests.swift in Sources */,
			);
			runOnlyForDeploymentPostprocessing = 0;
		};
/* End PBXSourcesBuildPhase section */

/* Begin PBXTargetDependency section */
		840797EA245C66B500E585F9 /* PBXTargetDependency */ = {
			isa = PBXTargetDependency;
			target = 840797D1245C66B400E585F9 /* NewsApp */;
			targetProxy = 840797E9245C66B500E585F9 /* PBXContainerItemProxy */;
		};
		840797F5245C66B500E585F9 /* PBXTargetDependency */ = {
			isa = PBXTargetDependency;
			target = 840797D1245C66B400E585F9 /* NewsApp */;
			targetProxy = 840797F4245C66B500E585F9 /* PBXContainerItemProxy */;
		};
/* End PBXTargetDependency section */

/* Begin PBXVariantGroup section */
		840797E0245C66B500E585F9 /* LaunchScreen.storyboard */ = {
			isa = PBXVariantGroup;
			children = (
				840797E1245C66B500E585F9 /* Base */,
			);
			name = LaunchScreen.storyboard;
			sourceTree = "<group>";
		};
/* End PBXVariantGroup section */

/* Begin XCBuildConfiguration section */
		840797FA245C66B500E585F9 /* Debug */ = {
			isa = XCBuildConfiguration;
			buildSettings = {
				ALWAYS_SEARCH_USER_PATHS = NO;
				CLANG_ANALYZER_NONNULL = YES;
				CLANG_ANALYZER_NUMBER_OBJECT_CONVERSION = YES_AGGRESSIVE;
				CLANG_CXX_LANGUAGE_STANDARD = "gnu++14";
				CLANG_CXX_LIBRARY = "libc++";
				CLANG_ENABLE_MODULES = YES;
				CLANG_ENABLE_OBJC_ARC = YES;
				CLANG_ENABLE_OBJC_WEAK = YES;
				CLANG_WARN_BLOCK_CAPTURE_AUTORELEASING = YES;
				CLANG_WARN_BOOL_CONVERSION = YES;
				CLANG_WARN_COMMA = YES;
				CLANG_WARN_CONSTANT_CONVERSION = YES;
				CLANG_WARN_DEPRECATED_OBJC_IMPLEMENTATIONS = YES;
				CLANG_WARN_DIRECT_OBJC_ISA_USAGE = YES_ERROR;
				CLANG_WARN_DOCUMENTATION_COMMENTS = YES;
				CLANG_WARN_EMPTY_BODY = YES;
				CLANG_WARN_ENUM_CONVERSION = YES;
				CLANG_WARN_INFINITE_RECURSION = YES;
				CLANG_WARN_INT_CONVERSION = YES;
				CLANG_WARN_NON_LITERAL_NULL_CONVERSION = YES;
				CLANG_WARN_OBJC_IMPLICIT_RETAIN_SELF = YES;
				CLANG_WARN_OBJC_LITERAL_CONVERSION = YES;
				CLANG_WARN_OBJC_ROOT_CLASS = YES_ERROR;
				CLANG_WARN_RANGE_LOOP_ANALYSIS = YES;
				CLANG_WARN_STRICT_PROTOTYPES = YES;
				CLANG_WARN_SUSPICIOUS_MOVE = YES;
				CLANG_WARN_UNGUARDED_AVAILABILITY = YES_AGGRESSIVE;
				CLANG_WARN_UNREACHABLE_CODE = YES;
				CLANG_WARN__DUPLICATE_METHOD_MATCH = YES;
				COPY_PHASE_STRIP = NO;
				DEBUG_INFORMATION_FORMAT = dwarf;
				ENABLE_STRICT_OBJC_MSGSEND = YES;
				ENABLE_TESTABILITY = YES;
				GCC_C_LANGUAGE_STANDARD = gnu11;
				GCC_DYNAMIC_NO_PIC = NO;
				GCC_NO_COMMON_BLOCKS = YES;
				GCC_OPTIMIZATION_LEVEL = 0;
				GCC_PREPROCESSOR_DEFINITIONS = (
					"DEBUG=1",
					"$(inherited)",
				);
				GCC_WARN_64_TO_32_BIT_CONVERSION = YES;
				GCC_WARN_ABOUT_RETURN_TYPE = YES_ERROR;
				GCC_WARN_UNDECLARED_SELECTOR = YES;
				GCC_WARN_UNINITIALIZED_AUTOS = YES_AGGRESSIVE;
				GCC_WARN_UNUSED_FUNCTION = YES;
				GCC_WARN_UNUSED_VARIABLE = YES;
				IPHONEOS_DEPLOYMENT_TARGET = 13.4;
				MTL_ENABLE_DEBUG_INFO = INCLUDE_SOURCE;
				MTL_FAST_MATH = YES;
				ONLY_ACTIVE_ARCH = YES;
				SDKROOT = iphoneos;
				SWIFT_ACTIVE_COMPILATION_CONDITIONS = DEBUG;
				SWIFT_OPTIMIZATION_LEVEL = "-Onone";
			};
			name = Debug;
		};
		840797FB245C66B500E585F9 /* Release */ = {
			isa = XCBuildConfiguration;
			buildSettings = {
				ALWAYS_SEARCH_USER_PATHS = NO;
				CLANG_ANALYZER_NONNULL = YES;
				CLANG_ANALYZER_NUMBER_OBJECT_CONVERSION = YES_AGGRESSIVE;
				CLANG_CXX_LANGUAGE_STANDARD = "gnu++14";
				CLANG_CXX_LIBRARY = "libc++";
				CLANG_ENABLE_MODULES = YES;
				CLANG_ENABLE_OBJC_ARC = YES;
				CLANG_ENABLE_OBJC_WEAK = YES;
				CLANG_WARN_BLOCK_CAPTURE_AUTORELEASING = YES;
				CLANG_WARN_BOOL_CONVERSION = YES;
				CLANG_WARN_COMMA = YES;
				CLANG_WARN_CONSTANT_CONVERSION = YES;
				CLANG_WARN_DEPRECATED_OBJC_IMPLEMENTATIONS = YES;
				CLANG_WARN_DIRECT_OBJC_ISA_USAGE = YES_ERROR;
				CLANG_WARN_DOCUMENTATION_COMMENTS = YES;
				CLANG_WARN_EMPTY_BODY = YES;
				CLANG_WARN_ENUM_CONVERSION = YES;
				CLANG_WARN_INFINITE_RECURSION = YES;
				CLANG_WARN_INT_CONVERSION = YES;
				CLANG_WARN_NON_LITERAL_NULL_CONVERSION = YES;
				CLANG_WARN_OBJC_IMPLICIT_RETAIN_SELF = YES;
				CLANG_WARN_OBJC_LITERAL_CONVERSION = YES;
				CLANG_WARN_OBJC_ROOT_CLASS = YES_ERROR;
				CLANG_WARN_RANGE_LOOP_ANALYSIS = YES;
				CLANG_WARN_STRICT_PROTOTYPES = YES;
				CLANG_WARN_SUSPICIOUS_MOVE = YES;
				CLANG_WARN_UNGUARDED_AVAILABILITY = YES_AGGRESSIVE;
				CLANG_WARN_UNREACHABLE_CODE = YES;
				CLANG_WARN__DUPLICATE_METHOD_MATCH = YES;
				COPY_PHASE_STRIP = NO;
				DEBUG_INFORMATION_FORMAT = "dwarf-with-dsym";
				ENABLE_NS_ASSERTIONS = NO;
				ENABLE_STRICT_OBJC_MSGSEND = YES;
				GCC_C_LANGUAGE_STANDARD = gnu11;
				GCC_NO_COMMON_BLOCKS = YES;
				GCC_WARN_64_TO_32_BIT_CONVERSION = YES;
				GCC_WARN_ABOUT_RETURN_TYPE = YES_ERROR;
				GCC_WARN_UNDECLARED_SELECTOR = YES;
				GCC_WARN_UNINITIALIZED_AUTOS = YES_AGGRESSIVE;
				GCC_WARN_UNUSED_FUNCTION = YES;
				GCC_WARN_UNUSED_VARIABLE = YES;
				IPHONEOS_DEPLOYMENT_TARGET = 13.4;
				MTL_ENABLE_DEBUG_INFO = NO;
				MTL_FAST_MATH = YES;
				SDKROOT = iphoneos;
				SWIFT_COMPILATION_MODE = wholemodule;
				SWIFT_OPTIMIZATION_LEVEL = "-O";
				VALIDATE_PRODUCT = YES;
			};
			name = Release;
		};
		840797FD245C66B500E585F9 /* Debug */ = {
			isa = XCBuildConfiguration;
			buildSettings = {
				ASSETCATALOG_COMPILER_APPICON_NAME = AppIcon;
				CODE_SIGN_STYLE = Automatic;
				DEVELOPMENT_ASSET_PATHS = "\"NewsApp/Preview Content\"";
				ENABLE_PREVIEWS = YES;
				INFOPLIST_FILE = NewsApp/Info.plist;
				LD_RUNPATH_SEARCH_PATHS = (
					"$(inherited)",
					"@executable_path/Frameworks",
				);
				PRODUCT_BUNDLE_IDENTIFIER = Untitled.NewsApp;
				PRODUCT_NAME = "$(TARGET_NAME)";
				SWIFT_VERSION = 5.0;
				TARGETED_DEVICE_FAMILY = "1,2";
			};
			name = Debug;
		};
		840797FE245C66B500E585F9 /* Release */ = {
			isa = XCBuildConfiguration;
			buildSettings = {
				ASSETCATALOG_COMPILER_APPICON_NAME = AppIcon;
				CODE_SIGN_STYLE = Automatic;
				DEVELOPMENT_ASSET_PATHS = "\"NewsApp/Preview Content\"";
				ENABLE_PREVIEWS = YES;
				INFOPLIST_FILE = NewsApp/Info.plist;
				LD_RUNPATH_SEARCH_PATHS = (
					"$(inherited)",
					"@executable_path/Frameworks",
				);
				PRODUCT_BUNDLE_IDENTIFIER = Untitled.NewsApp;
				PRODUCT_NAME = "$(TARGET_NAME)";
				SWIFT_VERSION = 5.0;
				TARGETED_DEVICE_FAMILY = "1,2";
			};
			name = Release;
		};
		84079800245C66B500E585F9 /* Debug */ = {
			isa = XCBuildConfiguration;
			buildSettings = {
				ALWAYS_EMBED_SWIFT_STANDARD_LIBRARIES = YES;
				BUNDLE_LOADER = "$(TEST_HOST)";
				CODE_SIGN_STYLE = Automatic;
				INFOPLIST_FILE = NewsAppTests/Info.plist;
				IPHONEOS_DEPLOYMENT_TARGET = 13.4;
				LD_RUNPATH_SEARCH_PATHS = (
					"$(inherited)",
					"@executable_path/Frameworks",
					"@loader_path/Frameworks",
				);
				PRODUCT_BUNDLE_IDENTIFIER = Untitled.NewsAppTests;
				PRODUCT_NAME = "$(TARGET_NAME)";
				SWIFT_VERSION = 5.0;
				TARGETED_DEVICE_FAMILY = "1,2";
				TEST_HOST = "$(BUILT_PRODUCTS_DIR)/NewsApp.app/NewsApp";
			};
			name = Debug;
		};
		84079801245C66B500E585F9 /* Release */ = {
			isa = XCBuildConfiguration;
			buildSettings = {
				ALWAYS_EMBED_SWIFT_STANDARD_LIBRARIES = YES;
				BUNDLE_LOADER = "$(TEST_HOST)";
				CODE_SIGN_STYLE = Automatic;
				INFOPLIST_FILE = NewsAppTests/Info.plist;
				IPHONEOS_DEPLOYMENT_TARGET = 13.4;
				LD_RUNPATH_SEARCH_PATHS = (
					"$(inherited)",
					"@executable_path/Frameworks",
					"@loader_path/Frameworks",
				);
				PRODUCT_BUNDLE_IDENTIFIER = Untitled.NewsAppTests;
				PRODUCT_NAME = "$(TARGET_NAME)";
				SWIFT_VERSION = 5.0;
				TARGETED_DEVICE_FAMILY = "1,2";
				TEST_HOST = "$(BUILT_PRODUCTS_DIR)/NewsApp.app/NewsApp";
			};
			name = Release;
		};
		84079803245C66B500E585F9 /* Debug */ = {
			isa = XCBuildConfiguration;
			buildSettings = {
				ALWAYS_EMBED_SWIFT_STANDARD_LIBRARIES = YES;
				CODE_SIGN_STYLE = Automatic;
				INFOPLIST_FILE = NewsAppUITests/Info.plist;
				LD_RUNPATH_SEARCH_PATHS = (
					"$(inherited)",
					"@executable_path/Frameworks",
					"@loader_path/Frameworks",
				);
				PRODUCT_BUNDLE_IDENTIFIER = Untitled.NewsAppUITests;
				PRODUCT_NAME = "$(TARGET_NAME)";
				SWIFT_VERSION = 5.0;
				TARGETED_DEVICE_FAMILY = "1,2";
				TEST_TARGET_NAME = NewsApp;
			};
			name = Debug;
		};
		84079804245C66B500E585F9 /* Release */ = {
			isa = XCBuildConfiguration;
			buildSettings = {
				ALWAYS_EMBED_SWIFT_STANDARD_LIBRARIES = YES;
				CODE_SIGN_STYLE = Automatic;
				INFOPLIST_FILE = NewsAppUITests/Info.plist;
				LD_RUNPATH_SEARCH_PATHS = (
					"$(inherited)",
					"@executable_path/Frameworks",
					"@loader_path/Frameworks",
				);
				PRODUCT_BUNDLE_IDENTIFIER = Untitled.NewsAppUITests;
				PRODUCT_NAME = "$(TARGET_NAME)";
				SWIFT_VERSION = 5.0;
				TARGETED_DEVICE_FAMILY = "1,2";
				TEST_TARGET_NAME = NewsApp;
			};
			name = Release;
		};
/* End XCBuildConfiguration section */

/* Begin XCConfigurationList section */
		840797CD245C66B400E585F9 /* Build configuration list for PBXProject "NewsApp" */ = {
			isa = XCConfigurationList;
			buildConfigurations = (
				840797FA245C66B500E585F9 /* Debug */,
				840797FB245C66B500E585F9 /* Release */,
			);
			defaultConfigurationIsVisible = 0;
			defaultConfigurationName = Release;
		};
		840797FC245C66B500E585F9 /* Build configuration list for PBXNativeTarget "NewsApp" */ = {
			isa = XCConfigurationList;
			buildConfigurations = (
				840797FD245C66B500E585F9 /* Debug */,
				840797FE245C66B500E585F9 /* Release */,
			);
			defaultConfigurationIsVisible = 0;
			defaultConfigurationName = Release;
		};
		840797FF245C66B500E585F9 /* Build configuration list for PBXNativeTarget "NewsAppTests" */ = {
			isa = XCConfigurationList;
			buildConfigurations = (
				84079800245C66B500E585F9 /* Debug */,
				84079801245C66B500E585F9 /* Release */,
			);
			defaultConfigurationIsVisible = 0;
			defaultConfigurationName = Release;
		};
		84079802245C66B500E585F9 /* Build configuration list for PBXNativeTarget "NewsAppUITests" */ = {
			isa = XCConfigurationList;
			buildConfigurations = (
				84079803245C66B500E585F9 /* Debug */,
				84079804245C66B500E585F9 /* Release */,
			);
			defaultConfigurationIsVisible = 0;
			defaultConfigurationName = Release;
		};
/* End XCConfigurationList section */

/* Begin XCRemoteSwiftPackageReference section */
		84B77559245C95500019D14D /* XCRemoteSwiftPackageReference "SwiftyJSON" */ = {
			isa = XCRemoteSwiftPackageReference;
			repositoryURL = "https://github.com/SwiftyJSON/SwiftyJSON";
			requirement = {
				kind = upToNextMajorVersion;
				minimumVersion = 5.0.0;
			};
		};
		84B7755C245C95B10019D14D /* XCRemoteSwiftPackageReference "SDWebImageSwiftUI" */ = {
			isa = XCRemoteSwiftPackageReference;
			repositoryURL = "https://github.com/SDWebImage/SDWebImageSwiftUI.git";
			requirement = {
				kind = upToNextMajorVersion;
				minimumVersion = 1.3.4;
			};
		};
/* End XCRemoteSwiftPackageReference section */

/* Begin XCSwiftPackageProductDependency section */
		84B7755A245C95500019D14D /* SwiftyJSON */ = {
			isa = XCSwiftPackageProductDependency;
			package = 84B77559245C95500019D14D /* XCRemoteSwiftPackageReference "SwiftyJSON" */;
			productName = SwiftyJSON;
		};
		84B7755D245C95B10019D14D /* SDWebImageSwiftUI */ = {
			isa = XCSwiftPackageProductDependency;
			package = 84B7755C245C95B10019D14D /* XCRemoteSwiftPackageReference "SDWebImageSwiftUI" */;
			productName = SDWebImageSwiftUI;
		};
/* End XCSwiftPackageProductDependency section */
	};
	rootObject = 840797CA245C66B400E585F9 /* Project object */;
}
